
Microsoft Visual Studio Solution File, Format Version 12.00
# Visual Studio Version 17
VisualStudioVersion = 17.13.35931.197
MinimumVisualStudioVersion = 10.0.40219.1
Project("{8BC9CEB8-8B4A-11D0-8D11-00A0C91BC942}") = "Game", "Source\Game\Game.vcxproj", "{D5E82A24-B2C2-44C6-A3B7-A188FC0604CD}"
EndProject
Project("{8BC9CEB8-8B4A-11D0-8D11-00A0C91BC942}") = "Engine", "Source\Engine\Engine.vcxproj", "{0346D79D-B179-43CA-BF50-4D36FF338511}"
EndProject
Project("{8BC9CEB8-8B4A-11D0-8D11-00A0C91BC942}") = "Renderer", "Renderer\Renderer.vcxproj", "{350494EB-5725-4B1A-8F64-27B3BDC6066F}"
EndProject
Global
	GlobalSection(SolutionConfigurationPlatforms) = preSolution
		Debug|x64 = Debug|x64
		Debug|x86 = Debug|x86
		Release|x64 = Release|x64
		Release|x86 = Release|x86
	EndGlobalSection
	GlobalSection(ProjectConfigurationPlatforms) = postSolution
		{D5E82A24-B2C2-44C6-A3B7-A188FC0604CD}.Debug|x64.ActiveCfg = Debug|x64
		{D5E82A24-B2C2-44C6-A3B7-A188FC0604CD}.Debug|x64.Build.0 = Debug|x64
		{D5E82A24-B2C2-44C6-A3B7-A188FC0604CD}.Debug|x86.ActiveCfg = Debug|Win32
		{D5E82A24-B2C2-44C6-A3B7-A188FC0604CD}.Debug|x86.Build.0 = Debug|Win32
		{D5E82A24-B2C2-44C6-A3B7-A188FC0604CD}.Release|x64.ActiveCfg = Release|x64
		{D5E82A24-B2C2-44C6-A3B7-A188FC0604CD}.Release|x64.Build.0 = Release|x64
		{D5E82A24-B2C2-44C6-A3B7-A188FC0604CD}.Release|x86.ActiveCfg = Release|Win32
		{D5E82A24-B2C2-44C6-A3B7-A188FC0604CD}.Release|x86.Build.0 = Release|Win32
		{0346D79D-B179-43CA-BF50-4D36FF338511}.Debug|x64.ActiveCfg = Debug|x64
		{0346D79D-B179-43CA-BF50-4D36FF338511}.Debug|x64.Build.0 = Debug|x64
		{0346D79D-B179-43CA-BF50-4D36FF338511}.Debug|x86.ActiveCfg = Debug|Win32
		{0346D79D-B179-43CA-BF50-4D36FF338511}.Debug|x86.Build.0 = Debug|Win32
		{0346D79D-B179-43CA-BF50-4D36FF338511}.Release|x64.ActiveCfg = Release|x64
		{0346D79D-B179-43CA-BF50-4D36FF338511}.Release|x64.Build.0 = Release|x64
		{0346D79D-B179-43CA-BF50-4D36FF338511}.Release|x86.ActiveCfg = Release|Win32
		{0346D79D-B179-43CA-BF50-4D36FF338511}.Release|x86.Build.0 = Release|Win32
		{350494EB-5725-4B1A-8F64-27B3BDC6066F}.Debug|x64.ActiveCfg = Debug|x64
		{350494EB-5725-4B1A-8F64-27B3BDC6066F}.Debug|x64.Build.0 = Debug|x64
		{350494EB-5725-4B1A-8F64-27B3BDC6066F}.Debug|x86.ActiveCfg = Debug|Win32
		{350494EB-5725-4B1A-8F64-27B3BDC6066F}.Debug|x86.Build.0 = Debug|Win32
		{350494EB-5725-4B1A-8F64-27B3BDC6066F}.Release|x64.ActiveCfg = Release|x64
		{350494EB-5725-4B1A-8F64-27B3BDC6066F}.Release|x64.Build.0 = Release|x64
		{350494EB-5725-4B1A-8F64-27B3BDC6066F}.Release|x86.ActiveCfg = Release|Win32
		{350494EB-5725-4B1A-8F64-27B3BDC6066F}.Release|x86.Build.0 = Release|Win32
	EndGlobalSection
	GlobalSection(SolutionProperties) = preSolution
		HideSolutionNode = FALSE
	EndGlobalSection
	GlobalSection(ExtensibilityGlobals) = postSolution
		SolutionGuid = {15C99E98-2E31-4B47-B17C-9448A9FC8256}
	EndGlobalSection
EndGlobal
